// !$*UTF8*$!
{
	archiveVersion = 1;
	classes = {
	};
	objectVersion = 77;
	objects = {

/* Begin PBXBuildFile section */
		297D3E62305B50A1005007AC /* GlobyCore in Frameworks */ = {isa = PBXBuildFile; productRef = 7A0100000000000000000026 /* GlobyCore */; };
		7A0100000000000000000042 /* Sparkle in Frameworks */ = {isa = PBXBuildFile; productRef = 7A0100000000000000000041 /* Sparkle */; };
/* End PBXBuildFile section */

/* Begin PBXContainerItemProxy section */
		7A0100000000000000000029 /* PBXContainerItemProxy */ = {
			isa = PBXContainerItemProxy;
			containerPortal = 7A0100000000000000000001 /* Project object */;
			proxyType = 1;
			remoteGlobalIDString = 7A0100000000000000000002;
			remoteInfo = Globy;
		};
/* End PBXContainerItemProxy section */

/* Begin PBXFileReference section */
		7A0100000000000000000004 /* Globy.app */ = {isa = PBXFileReference; explicitFileType = wrapper.application; includeInIndex = 0; path = Globy.app; sourceTree = BUILT_PRODUCTS_DIR; };
		7A0100000000000000000005 /* GlobyTests.xctest */ = {isa = PBXFileReference; explicitFileType = wrapper.cfbundle; includeInIndex = 0; path = GlobyTests.xctest; sourceTree = BUILT_PRODUCTS_DIR; };
/* End PBXFileReference section */

/* Begin PBXFileSystemSynchronizedBuildFileExceptionSet section */
		7A0100000000000000000043 /* Exceptions for "Globy" folder in "Globy" target */ = {
			isa = PBXFileSystemSynchronizedBuildFileExceptionSet;
			membershipExceptions = (
				Info.plist,
			);
			target = 7A0100000000000000000002 /* Globy */;
		};
/* End PBXFileSystemSynchronizedBuildFileExceptionSet section */

/* Begin PBXFileSystemSynchronizedRootGroup section */
		7A0100000000000000000008 /* Globy */ = {
			isa = PBXFileSystemSynchronizedRootGroup;
			exceptions = (
				7A0100000000000000000043 /* Exceptions for "Globy" folder in "Globy" target */,
			);
			path = Globy;
			sourceTree = "<group>";
		};
		7A0100000000000000000009 /* GlobyTests */ = {
			isa = PBXFileSystemSynchronizedRootGroup;
			path = GlobyTests;
			sourceTree = "<group>";
		};
/* End PBXFileSystemSynchronizedRootGroup section */

/* Begin PBXFrameworksBuildPhase section */
		7A0100000000000000000011 /* Frameworks */ = {
			isa = PBXFrameworksBuildPhase;
			buildActionMask = 2147483647;
			files = (
				297D3E62305B50A1005007AC /* GlobyCore in Frameworks */,
				7A0100000000000000000042 /* Sparkle in Frameworks */,
			);
			runOnlyForDeploymentPostprocessing = 0;
		};
		7A0100000000000000000014 /* Frameworks */ = {
			isa = PBXFrameworksBuildPhase;
			buildActionMask = 2147483647;
			files = (
			);
			runOnlyForDeploymentPostprocessing = 0;
		};
/* End PBXFrameworksBuildPhase section */

/* Begin PBXGroup section */
		7A0100000000000000000006 = {
			isa = PBXGroup;
			children = (
				7A0100000000000000000008 /* Globy */,
				7A0100000000000000000009 /* GlobyTests */,
				7A0100000000000000000007 /* Products */,
			);
			sourceTree = "<group>";
		};
		7A0100000000000000000007 /* Products */ = {
			isa = PBXGroup;
			children = (
				7A0100000000000000000004 /* Globy.app */,
				7A0100000000000000000005 /* GlobyTests.xctest */,
			);
			name = Products;
			sourceTree = "<group>";
		};
/* End PBXGroup section */

/* Begin PBXNativeTarget section */
		7A0100000000000000000002 /* Globy */ = {
			isa = PBXNativeTarget;
			buildConfigurationList = 7A0100000000000000000023 /* Build configuration list for PBXNativeTarget "Globy" */;
			buildPhases = (
				7A0100000000000000000010 /* Sources */,
				7A0100000000000000000011 /* Frameworks */,
				7A0100000000000000000012 /* Resources */,
			);
			buildRules = (
			);
			dependencies = (
			);
			fileSystemSynchronizedGroups = (
				7A0100000000000000000008 /* Globy */,
			);
			name = Globy;
			packageProductDependencies = (
				7A0100000000000000000026 /* GlobyCore */,
				7A0100000000000000000041 /* Sparkle */,
			);
			productName = Globy;
			productReference = 7A0100000000000000000004 /* Globy.app */;
			productType = "com.apple.product-type.application";
		};
		7A0100000000000000000003 /* GlobyTests */ = {
			isa = PBXNativeTarget;
			buildConfigurationList = 7A0100000000000000000024 /* Build configuration list for PBXNativeTarget "GlobyTests" */;
			buildPhases = (
				7A0100000000000000000013 /* Sources */,
				7A0100000000000000000014 /* Frameworks */,
				7A0100000000000000000015 /* Resources */,
			);
			buildRules = (
			);
			dependencies = (
				7A0100000000000000000028 /* PBXTargetDependency */,
			);
			fileSystemSynchronizedGroups = (
				7A0100000000000000000009 /* GlobyTests */,
			);
			name = GlobyTests;
			productName = GlobyTests;
			productReference = 7A0100000000000000000005 /* GlobyTests.xctest */;
			productType = "com.apple.product-type.bundle.unit-test";
		};
/* End PBXNativeTarget section */

/* Begin PBXProject section */
		7A0100000000000000000001 /* Project object */ = {
			isa = PBXProject;
			attributes = {
				BuildIndependentTargetsInParallel = 1;
				LastSwiftUpdateCheck = 2600;
				LastUpgradeCheck = 2600;
				TargetAttributes = {
					7A0100000000000000000002 = {
						CreatedOnToolsVersion = 26.0;
					};
					7A0100000000000000000003 = {
						CreatedOnToolsVersion = 26.0;
						TestTargetID = 7A0100000000000000000002;
					};
				};
			};
			buildConfigurationList = 7A0100000000000000000022 /* Build configuration list for PBXProject "Globy" */;
			developmentRegion = it;
			hasScannedForEncodings = 0;
			knownRegions = (
				en,
				it,
				Base,
			);
			mainGroup = 7A0100000000000000000006;
			minimizedProjectReferenceProxies = 1;
			packageReferences = (
				7A0100000000000000000025 /* XCLocalSwiftPackageReference "Packages/GlobyCore" */,
				7A0100000000000000000040 /* XCRemoteSwiftPackageReference "Sparkle" */,
			);
			preferredProjectObjectVersion = 77;
			productRefGroup = 7A0100000000000000000007 /* Products */;
			projectDirPath = "";
			projectRoot = "";
			targets = (
				7A0100000000000000000002 /* Globy */,
				7A0100000000000000000003 /* GlobyTests */,
			);
		};
/* End PBXProject section */

/* Begin PBXResourcesBuildPhase section */
		7A0100000000000000000012 /* Resources */ = {
			isa = PBXResourcesBuildPhase;
			buildActionMask = 2147483647;
			files = (
			);
			runOnlyForDeploymentPostprocessing = 0;
		};
		7A0100000000000000000015 /* Resources */ = {
			isa = PBXResourcesBuildPhase;
			buildActionMask = 2147483647;
			files = (
			);
			runOnlyForDeploymentPostprocessing = 0;
		};
/* End PBXResourcesBuildPhase section */

/* Begin PBXSourcesBuildPhase section */
		7A0100000000000000000010 /* Sources */ = {
			isa = PBXSourcesBuildPhase;
			buildActionMask = 2147483647;
			files = (
			);
			runOnlyForDeploymentPostprocessing = 0;
		};
		7A0100000000000000000013 /* Sources */ = {
			isa = PBXSourcesBuildPhase;
			buildActionMask = 2147483647;
			files = (
			);
			runOnlyForDeploymentPostprocessing = 0;
		};
/* End PBXSourcesBuildPhase section */

/* Begin PBXTargetDependency section */
		7A0100000000000000000028 /* PBXTargetDependency */ = {
			isa = PBXTargetDependency;
			target = 7A0100000000000000000002 /* Globy */;
			targetProxy = 7A0100000000000000000029 /* PBXContainerItemProxy */;
		};
/* End PBXTargetDependency section */

/* Begin XCBuildConfiguration section */
		7A0100000000000000000016 /* Debug */ = {
			isa = XCBuildConfiguration;
			buildSettings = {
				ALWAYS_SEARCH_USER_PATHS = NO;
				CLANG_ENABLE_MODULES = YES;
				COPY_PHASE_STRIP = NO;
				DEBUG_INFORMATION_FORMAT = dwarf;
				DEVELOPMENT_TEAM = "";
				ENABLE_TESTABILITY = YES;
				GCC_DYNAMIC_NO_PIC = NO;
				GCC_OPTIMIZATION_LEVEL = 0;
				MACOSX_DEPLOYMENT_TARGET = 15.0;
				ONLY_ACTIVE_ARCH = YES;
				SDKROOT = macosx;
				SWIFT_ACTIVE_COMPILATION_CONDITIONS = "DEBUG $(inherited)";
				SWIFT_OPTIMIZATION_LEVEL = "-Onone";
				SWIFT_STRICT_CONCURRENCY = complete;
				SWIFT_VERSION = 6.0;
			};
			name = Debug;
		};
		7A0100000000000000000017 /* Release */ = {
			isa = XCBuildConfiguration;
			buildSettings = {
				ALWAYS_SEARCH_USER_PATHS = NO;
				CLANG_ENABLE_MODULES = YES;
				COPY_PHASE_STRIP = NO;
				DEBUG_INFORMATION_FORMAT = "dwarf-with-dsym";
				DEVELOPMENT_TEAM = "";
				ENABLE_NS_ASSERTIONS = NO;
				MACOSX_DEPLOYMENT_TARGET = 15.0;
				SDKROOT = macosx;
				SWIFT_COMPILATION_MODE = wholemodule;
				SWIFT_STRICT_CONCURRENCY = complete;
				SWIFT_VERSION = 6.0;
			};
			name = Release;
		};
		7A0100000000000000000018 /* Debug */ = {
			isa = XCBuildConfiguration;
			buildSettings = {
				ASSETCATALOG_COMPILER_APPICON_NAME = AppIcon;
				CODE_SIGN_ENTITLEMENTS = Globy/Globy.entitlements;
				CODE_SIGN_IDENTITY = "-";
				CODE_SIGN_STYLE = Automatic;
				COMBINE_HIDPI_IMAGES = YES;
				CURRENT_PROJECT_VERSION = 6;
				ENABLE_APP_SANDBOX = NO;
				ENABLE_HARDENED_RUNTIME = YES;
				ENABLE_PREVIEWS = YES;
				GENERATE_INFOPLIST_FILE = YES;
				INFOPLIST_FILE = Globy/Info.plist;
				INFOPLIST_KEY_CFBundleDisplayName = Globy;
				INFOPLIST_KEY_LSApplicationCategoryType = "public.app-category.news";
				INFOPLIST_KEY_LSUIElement = YES;
				INFOPLIST_KEY_NSHumanReadableCopyright = "Copyright © 2026 Chronocol. GNU GPL versione 3.";
				LD_RUNPATH_SEARCH_PATHS = (
					"$(inherited)",
					"@executable_path/../Frameworks",
				);
				MACOSX_DEPLOYMENT_TARGET = 15.0;
				MARKETING_VERSION = 0.3.1;
				PRODUCT_BUNDLE_IDENTIFIER = com.chronocol.globy.debug;
				PRODUCT_NAME = "$(TARGET_NAME)";
				REGISTER_APP_GROUPS = YES;
				STRING_CATALOG_GENERATE_SYMBOLS = YES;
				SWIFT_APPROACHABLE_CONCURRENCY = YES;
				SWIFT_EMIT_LOC_STRINGS = YES;
				SWIFT_VERSION = 6.0;
			};
			name = Debug;
		};
		7A0100000000000000000019 /* Release */ = {
			isa = XCBuildConfiguration;
			buildSettings = {
				ASSETCATALOG_COMPILER_APPICON_NAME = AppIcon;
				CODE_SIGN_ENTITLEMENTS = Globy/Globy.entitlements;
				CODE_SIGN_IDENTITY = "-";
				CODE_SIGN_STYLE = Automatic;
				COMBINE_HIDPI_IMAGES = YES;
				CURRENT_PROJECT_VERSION = 6;
				ENABLE_APP_SANDBOX = NO;
				ENABLE_HARDENED_RUNTIME = YES;
				ENABLE_PREVIEWS = YES;
				GENERATE_INFOPLIST_FILE = YES;
				INFOPLIST_FILE = Globy/Info.plist;
				INFOPLIST_KEY_CFBundleDisplayName = Globy;
				INFOPLIST_KEY_LSApplicationCategoryType = "public.app-category.news";
				INFOPLIST_KEY_LSUIElement = YES;
				INFOPLIST_KEY_NSHumanReadableCopyright = "Copyright © 2026 Chronocol. GNU GPL versione 3.";
				LD_RUNPATH_SEARCH_PATHS = (
					"$(inherited)",
					"@executable_path/../Frameworks",
				);
				MACOSX_DEPLOYMENT_TARGET = 15.0;
				MARKETING_VERSION = 0.3.1;
				PRODUCT_BUNDLE_IDENTIFIER = com.chronocol.globy;
				PRODUCT_NAME = "$(TARGET_NAME)";
				REGISTER_APP_GROUPS = YES;
				STRING_CATALOG_GENERATE_SYMBOLS = YES;
				SWIFT_APPROACHABLE_CONCURRENCY = YES;
				SWIFT_EMIT_LOC_STRINGS = YES;
				SWIFT_VERSION = 6.0;
			};
			name = Release;
		};
		7A0100000000000000000020 /* Debug */ = {
			isa = XCBuildConfiguration;
			buildSettings = {
				BUNDLE_LOADER = "$(TEST_HOST)";
				CODE_SIGN_IDENTITY = "-";
				CODE_SIGN_STYLE = Automatic;
				CURRENT_PROJECT_VERSION = 6;
				GENERATE_INFOPLIST_FILE = YES;
				MACOSX_DEPLOYMENT_TARGET = 15.0;
				MARKETING_VERSION = 0.3.1;
				PRODUCT_BUNDLE_IDENTIFIER = com.chronocol.globy.tests;
				PRODUCT_NAME = "$(TARGET_NAME)";
				SWIFT_APPROACHABLE_CONCURRENCY = YES;
				SWIFT_EMIT_LOC_STRINGS = NO;
				SWIFT_VERSION = 6.0;
				TEST_HOST = "$(BUILT_PRODUCTS_DIR)/Globy.app/Contents/MacOS/Globy";
			};
			name = Debug;
		};
		7A0100000000000000000021 /* Release */ = {
			isa = XCBuildConfiguration;
			buildSettings = {
				BUNDLE_LOADER = "$(TEST_HOST)";
				CODE_SIGN_IDENTITY = "-";
				CODE_SIGN_STYLE = Automatic;
				CURRENT_PROJECT_VERSION = 6;
				GENERATE_INFOPLIST_FILE = YES;
				MACOSX_DEPLOYMENT_TARGET = 15.0;
				MARKETING_VERSION = 0.3.1;
				PRODUCT_BUNDLE_IDENTIFIER = com.chronocol.globy.tests;
				PRODUCT_NAME = "$(TARGET_NAME)";
				SWIFT_APPROACHABLE_CONCURRENCY = YES;
				SWIFT_EMIT_LOC_STRINGS = NO;
				SWIFT_VERSION = 6.0;
				TEST_HOST = "$(BUILT_PRODUCTS_DIR)/Globy.app/Contents/MacOS/Globy";
			};
			name = Release;
		};
/* End XCBuildConfiguration section */

/* Begin XCConfigurationList section */
		7A0100000000000000000022 /* Build configuration list for PBXProject "Globy" */ = {
			isa = XCConfigurationList;
			buildConfigurations = (
				7A0100000000000000000016 /* Debug */,
				7A0100000000000000000017 /* Release */,
			);
			defaultConfigurationIsVisible = 0;
			defaultConfigurationName = Release;
		};
		7A0100000000000000000023 /* Build configuration list for PBXNativeTarget "Globy" */ = {
			isa = XCConfigurationList;
			buildConfigurations = (
				7A0100000000000000000018 /* Debug */,
				7A0100000000000000000019 /* Release */,
			);
			defaultConfigurationIsVisible = 0;
			defaultConfigurationName = Release;
		};
		7A0100000000000000000024 /* Build configuration list for PBXNativeTarget "GlobyTests" */ = {
			isa = XCConfigurationList;
			buildConfigurations = (
				7A0100000000000000000020 /* Debug */,
				7A0100000000000000000021 /* Release */,
			);
			defaultConfigurationIsVisible = 0;
			defaultConfigurationName = Release;
		};
/* End XCConfigurationList section */

/* Begin XCLocalSwiftPackageReference section */
		7A0100000000000000000025 /* XCLocalSwiftPackageReference "Packages/GlobyCore" */ = {
			isa = XCLocalSwiftPackageReference;
			relativePath = Packages/GlobyCore;
		};
/* End XCLocalSwiftPackageReference section */

/* Begin XCRemoteSwiftPackageReference section */
		7A0100000000000000000040 /* XCRemoteSwiftPackageReference "Sparkle" */ = {
			isa = XCRemoteSwiftPackageReference;
			repositoryURL = "https://github.com/sparkle-project/Sparkle";
			requirement = {
				kind = upToNextMajorVersion;
				minimumVersion = 2.7.0;
			};
		};
/* End XCRemoteSwiftPackageReference section */

/* Begin XCSwiftPackageProductDependency section */
		7A0100000000000000000026 /* GlobyCore */ = {
			isa = XCSwiftPackageProductDependency;
			package = 7A0100000000000000000025 /* XCLocalSwiftPackageReference "Packages/GlobyCore" */;
			productName = GlobyCore;
		};
		7A0100000000000000000041 /* Sparkle */ = {
			isa = XCSwiftPackageProductDependency;
			package = 7A0100000000000000000040 /* XCRemoteSwiftPackageReference "Sparkle" */;
			productName = Sparkle;
		};
/* End XCSwiftPackageProductDependency section */
	};
	rootObject = 7A0100000000000000000001 /* Project object */;
}
